
Microsoft Visual Studio Solution File, Format Version 12.00
# Visual Studio Version 17
VisualStudioVersion = 17.1.31911.260
MinimumVisualStudioVersion = 10.0.40219.1
Project("{9A19103F-16F7-4668-BE54-9A1E7A4F7556}") = "WebApiWithClean", "WebApiWithClean\WebApiWithClean.csproj", "{C9FD5129-1B70-4196-8053-7614D88931FD}"
EndProject
Project("{9A19103F-16F7-4668-BE54-9A1E7A4F7556}") = "Application", "Application\Application.csproj", "{218D7F57-1F12-44F8-BFE7-CB147A2BABE2}"
EndProject
Project("{9A19103F-16F7-4668-BE54-9A1E7A4F7556}") = "Domain", "Domain\Domain.csproj", "{2B5F9F74-D3BC-4458-9951-B287442B3B7C}"
EndProject
Project("{9A19103F-16F7-4668-BE54-9A1E7A4F7556}") = "Infrastructure", "Infrastructure\Infrastructure.csproj", "{9C29DB7E-4B8A-45A9-9BBE-AB1215F764C1}"
EndProject
Project("{00D1A9C2-B5F0-4AF3-8072-F6C62B433612}") = "CleanDB", "CleanDB\CleanDB.sqlproj", "{22B4EF06-ED57-457C-BA43-40306764F2FD}"
EndProject
Global
	GlobalSection(SolutionConfigurationPlatforms) = preSolution
		Debug|Any CPU = Debug|Any CPU
		Release|Any CPU = Release|Any CPU
	EndGlobalSection
	GlobalSection(ProjectConfigurationPlatforms) = postSolution
		{C9FD5129-1B70-4196-8053-7614D88931FD}.Debug|Any CPU.ActiveCfg = Debug|Any CPU
		{C9FD5129-1B70-4196-8053-7614D88931FD}.Debug|Any CPU.Build.0 = Debug|Any CPU
		{C9FD5129-1B70-4196-8053-7614D88931FD}.Release|Any CPU.ActiveCfg = Release|Any CPU
		{C9FD5129-1B70-4196-8053-7614D88931FD}.Release|Any CPU.Build.0 = Release|Any CPU
		{218D7F57-1F12-44F8-BFE7-CB147A2BABE2}.Debug|Any CPU.ActiveCfg = Debug|Any CPU
		{218D7F57-1F12-44F8-BFE7-CB147A2BABE2}.Debug|Any CPU.Build.0 = Debug|Any CPU
		{218D7F57-1F12-44F8-BFE7-CB147A2BABE2}.Release|Any CPU.ActiveCfg = Release|Any CPU
		{218D7F57-1F12-44F8-BFE7-CB147A2BABE2}.Release|Any CPU.Build.0 = Release|Any CPU
		{2B5F9F74-D3BC-4458-9951-B287442B3B7C}.Debug|Any CPU.ActiveCfg = Debug|Any CPU
		{2B5F9F74-D3BC-4458-9951-B287442B3B7C}.Debug|Any CPU.Build.0 = Debug|Any CPU
		{2B5F9F74-D3BC-4458-9951-B287442B3B7C}.Release|Any CPU.ActiveCfg = Release|Any CPU
		{2B5F9F74-D3BC-4458-9951-B287442B3B7C}.Release|Any CPU.Build.0 = Release|Any CPU
		{9C29DB7E-4B8A-45A9-9BBE-AB1215F764C1}.Debug|Any CPU.ActiveCfg = Debug|Any CPU
		{9C29DB7E-4B8A-45A9-9BBE-AB1215F764C1}.Debug|Any CPU.Build.0 = Debug|Any CPU
		{9C29DB7E-4B8A-45A9-9BBE-AB1215F764C1}.Release|Any CPU.ActiveCfg = Release|Any CPU
		{9C29DB7E-4B8A-45A9-9BBE-AB1215F764C1}.Release|Any CPU.Build.0 = Release|Any CPU
		{22B4EF06-ED57-457C-BA43-40306764F2FD}.Debug|Any CPU.ActiveCfg = Debug|Any CPU
		{22B4EF06-ED57-457C-BA43-40306764F2FD}.Debug|Any CPU.Build.0 = Debug|Any CPU
		{22B4EF06-ED57-457C-BA43-40306764F2FD}.Debug|Any CPU.Deploy.0 = Debug|Any CPU
		{22B4EF06-ED57-457C-BA43-40306764F2FD}.Release|Any CPU.ActiveCfg = Release|Any CPU
		{22B4EF06-ED57-457C-BA43-40306764F2FD}.Release|Any CPU.Build.0 = Release|Any CPU
		{22B4EF06-ED57-457C-BA43-40306764F2FD}.Release|Any CPU.Deploy.0 = Release|Any CPU
	EndGlobalSection
	GlobalSection(SolutionProperties) = preSolution
		HideSolutionNode = FALSE
	EndGlobalSection
	GlobalSection(ExtensibilityGlobals) = postSolution
		SolutionGuid = {B358BFF3-51C9-4C58-BD07-6455E041F22A}
	EndGlobalSection
EndGlobal
